// !$*UTF8*$!
{
	archiveVersion = 1;
	classes = {
	};
	objectVersion = 55;
	objects = {

/* Begin PBXBuildFile section */
		FB54433C28613F87005C5920 /* APICaller.swift in Sources */ = {isa = PBXBuildFile; fileRef = FB54433B28613F87005C5920 /* APICaller.swift */; };
		FB54433E286143B5005C5920 /* Title.swift in Sources */ = {isa = PBXBuildFile; fileRef = FB54433D286143B5005C5920 /* Title.swift */; };
		FB544340286148CF005C5920 /* Extensions.swift in Sources */ = {isa = PBXBuildFile; fileRef = FB54433F286148CF005C5920 /* Extensions.swift */; };
		FB54434228614D21005C5920 /* Tv.swift in Sources */ = {isa = PBXBuildFile; fileRef = FB54434128614D21005C5920 /* Tv.swift */; };
		FB647430285F16D000C712E0 /* HeroHeaderUIView.swift in Sources */ = {isa = PBXBuildFile; fileRef = FB64742F285F16D000C712E0 /* HeroHeaderUIView.swift */; };
		FB64C912285EFC53006A0DD9 /* AppDelegate.swift in Sources */ = {isa = PBXBuildFile; fileRef = FB64C911285EFC53006A0DD9 /* AppDelegate.swift */; };
		FB64C914285EFC53006A0DD9 /* SceneDelegate.swift in Sources */ = {isa = PBXBuildFile; fileRef = FB64C913285EFC53006A0DD9 /* SceneDelegate.swift */; };
		FB64C916285EFC53006A0DD9 /* MainTabBarViewController.swift in Sources */ = {isa = PBXBuildFile; fileRef = FB64C915285EFC53006A0DD9 /* MainTabBarViewController.swift */; };
		FB64C91B285EFC54006A0DD9 /* Assets.xcassets in Resources */ = {isa = PBXBuildFile; fileRef = FB64C91A285EFC54006A0DD9 /* Assets.xcassets */; };
		FB64C91E285EFC54006A0DD9 /* LaunchScreen.storyboard in Resources */ = {isa = PBXBuildFile; fileRef = FB64C91C285EFC54006A0DD9 /* LaunchScreen.storyboard */; };
		FB64C927285EFED6006A0DD9 /* HomeViewController.swift in Sources */ = {isa = PBXBuildFile; fileRef = FB64C926285EFED6006A0DD9 /* HomeViewController.swift */; };
		FB64C929285EFF63006A0DD9 /* UpcomingViewController.swift in Sources */ = {isa = PBXBuildFile; fileRef = FB64C928285EFF63006A0DD9 /* UpcomingViewController.swift */; };
		FB64C92B285EFF8E006A0DD9 /* SearchViewController.swift in Sources */ = {isa = PBXBuildFile; fileRef = FB64C92A285EFF8E006A0DD9 /* SearchViewController.swift */; };
		FB64C92D285EFFC0006A0DD9 /* DownloadsViewController.swift in Sources */ = {isa = PBXBuildFile; fileRef = FB64C92C285EFFC0006A0DD9 /* DownloadsViewController.swift */; };
		FB64C934285F09E3006A0DD9 /* CollectioinViewTableViewCell.swift in Sources */ = {isa = PBXBuildFile; fileRef = FB64C933285F09E3006A0DD9 /* CollectioinViewTableViewCell.swift */; };
		FBBFCAB82862B5F900A608B2 /* TitleCellectionViewCell.swift in Sources */ = {isa = PBXBuildFile; fileRef = FBBFCAB72862B5F900A608B2 /* TitleCellectionViewCell.swift */; };
		FBBFCABB2862B79C00A608B2 /* SDWebImage in Frameworks */ = {isa = PBXBuildFile; productRef = FBBFCABA2862B79C00A608B2 /* SDWebImage */; };
		FBBFCABD2862B79C00A608B2 /* SDWebImageMapKit in Frameworks */ = {isa = PBXBuildFile; productRef = FBBFCABC2862B79C00A608B2 /* SDWebImageMapKit */; };
		FBBFCABF2862C40800A608B2 /* TitleTableViewCell.swift in Sources */ = {isa = PBXBuildFile; fileRef = FBBFCABE2862C40800A608B2 /* TitleTableViewCell.swift */; };
		FBBFCAC12862C75900A608B2 /* TitleViewModel.swift in Sources */ = {isa = PBXBuildFile; fileRef = FBBFCAC02862C75900A608B2 /* TitleViewModel.swift */; };
		FBBFCAC3286419BF00A608B2 /* SearchResultsViewController.swift in Sources */ = {isa = PBXBuildFile; fileRef = FBBFCAC2286419BF00A608B2 /* SearchResultsViewController.swift */; };
/* End PBXBuildFile section */

/* Begin PBXFileReference section */
		FB54433B28613F87005C5920 /* APICaller.swift */ = {isa = PBXFileReference; lastKnownFileType = sourcecode.swift; path = APICaller.swift; sourceTree = "<group>"; };
		FB54433D286143B5005C5920 /* Title.swift */ = {isa = PBXFileReference; lastKnownFileType = sourcecode.swift; path = Title.swift; sourceTree = "<group>"; };
		FB54433F286148CF005C5920 /* Extensions.swift */ = {isa = PBXFileReference; lastKnownFileType = sourcecode.swift; path = Extensions.swift; sourceTree = "<group>"; };
		FB54434128614D21005C5920 /* Tv.swift */ = {isa = PBXFileReference; lastKnownFileType = sourcecode.swift; path = Tv.swift; sourceTree = "<group>"; };
		FB64742F285F16D000C712E0 /* HeroHeaderUIView.swift */ = {isa = PBXFileReference; lastKnownFileType = sourcecode.swift; path = HeroHeaderUIView.swift; sourceTree = "<group>"; };
		FB64C90E285EFC53006A0DD9 /* Netflix Clone.app */ = {isa = PBXFileReference; explicitFileType = wrapper.application; includeInIndex = 0; path = "Netflix Clone.app"; sourceTree = BUILT_PRODUCTS_DIR; };
		FB64C911285EFC53006A0DD9 /* AppDelegate.swift */ = {isa = PBXFileReference; lastKnownFileType = sourcecode.swift; path = AppDelegate.swift; sourceTree = "<group>"; };
		FB64C913285EFC53006A0DD9 /* SceneDelegate.swift */ = {isa = PBXFileReference; lastKnownFileType = sourcecode.swift; path = SceneDelegate.swift; sourceTree = "<group>"; };
		FB64C915285EFC53006A0DD9 /* MainTabBarViewController.swift */ = {isa = PBXFileReference; lastKnownFileType = sourcecode.swift; path = MainTabBarViewController.swift; sourceTree = "<group>"; };
		FB64C91A285EFC54006A0DD9 /* Assets.xcassets */ = {isa = PBXFileReference; lastKnownFileType = folder.assetcatalog; path = Assets.xcassets; sourceTree = "<group>"; };
		FB64C91D285EFC54006A0DD9 /* Base */ = {isa = PBXFileReference; lastKnownFileType = file.storyboard; name = Base; path = Base.lproj/LaunchScreen.storyboard; sourceTree = "<group>"; };
		FB64C91F285EFC54006A0DD9 /* Info.plist */ = {isa = PBXFileReference; lastKnownFileType = text.plist.xml; path = Info.plist; sourceTree = "<group>"; };
		FB64C926285EFED6006A0DD9 /* HomeViewController.swift */ = {isa = PBXFileReference; lastKnownFileType = sourcecode.swift; path = HomeViewController.swift; sourceTree = "<group>"; };
		FB64C928285EFF63006A0DD9 /* UpcomingViewController.swift */ = {isa = PBXFileReference; lastKnownFileType = sourcecode.swift; path = UpcomingViewController.swift; sourceTree = "<group>"; };
		FB64C92A285EFF8E006A0DD9 /* SearchViewController.swift */ = {isa = PBXFileReference; lastKnownFileType = sourcecode.swift; path = SearchViewController.swift; sourceTree = "<group>"; };
		FB64C92C285EFFC0006A0DD9 /* DownloadsViewController.swift */ = {isa = PBXFileReference; lastKnownFileType = sourcecode.swift; path = DownloadsViewController.swift; sourceTree = "<group>"; };
		FB64C933285F09E3006A0DD9 /* CollectioinViewTableViewCell.swift */ = {isa = PBXFileReference; lastKnownFileType = sourcecode.swift; path = CollectioinViewTableViewCell.swift; sourceTree = "<group>"; };
		FBBFCAB72862B5F900A608B2 /* TitleCellectionViewCell.swift */ = {isa = PBXFileReference; lastKnownFileType = sourcecode.swift; path = TitleCellectionViewCell.swift; sourceTree = "<group>"; };
		FBBFCABE2862C40800A608B2 /* TitleTableViewCell.swift */ = {isa = PBXFileReference; lastKnownFileType = sourcecode.swift; path = TitleTableViewCell.swift; sourceTree = "<group>"; };
		FBBFCAC02862C75900A608B2 /* TitleViewModel.swift */ = {isa = PBXFileReference; lastKnownFileType = sourcecode.swift; path = TitleViewModel.swift; sourceTree = "<group>"; };
		FBBFCAC2286419BF00A608B2 /* SearchResultsViewController.swift */ = {isa = PBXFileReference; lastKnownFileType = sourcecode.swift; path = SearchResultsViewController.swift; sourceTree = "<group>"; };
/* End PBXFileReference section */

/* Begin PBXFrameworksBuildPhase section */
		FB64C90B285EFC53006A0DD9 /* Frameworks */ = {
			isa = PBXFrameworksBuildPhase;
			buildActionMask = 2147483647;
			files = (
				FBBFCABD2862B79C00A608B2 /* SDWebImageMapKit in Frameworks */,
				FBBFCABB2862B79C00A608B2 /* SDWebImage in Frameworks */,
			);
			runOnlyForDeploymentPostprocessing = 0;
		};
/* End PBXFrameworksBuildPhase section */

/* Begin PBXGroup section */
		FB64C905285EFC53006A0DD9 = {
			isa = PBXGroup;
			children = (
				FB64C910285EFC53006A0DD9 /* Netflix Clone */,
				FB64C90F285EFC53006A0DD9 /* Products */,
			);
			sourceTree = "<group>";
		};
		FB64C90F285EFC53006A0DD9 /* Products */ = {
			isa = PBXGroup;
			children = (
				FB64C90E285EFC53006A0DD9 /* Netflix Clone.app */,
			);
			name = Products;
			sourceTree = "<group>";
		};
		FB64C910285EFC53006A0DD9 /* Netflix Clone */ = {
			isa = PBXGroup;
			children = (
				FB64C932285F09BA006A0DD9 /* Managers */,
				FB64C931285F09A9006A0DD9 /* Resources */,
				FB64C930285F0991006A0DD9 /* Models */,
				FB64C92F285F0987006A0DD9 /* Views */,
				FB64C92E285F097A006A0DD9 /* ViewModels */,
				FB64C925285EFEB5006A0DD9 /* Controllers */,
				FB64C911285EFC53006A0DD9 /* AppDelegate.swift */,
				FB64C913285EFC53006A0DD9 /* SceneDelegate.swift */,
				FB64C91A285EFC54006A0DD9 /* Assets.xcassets */,
				FB64C91C285EFC54006A0DD9 /* LaunchScreen.storyboard */,
				FB64C91F285EFC54006A0DD9 /* Info.plist */,
			);
			path = "Netflix Clone";
			sourceTree = "<group>";
		};
		FB64C925285EFEB5006A0DD9 /* Controllers */ = {
			isa = PBXGroup;
			children = (
				FBBFCAC528641A1200A608B2 /* General */,
				FBBFCAC4286419FF00A608B2 /* Core */,
			);
			path = Controllers;
			sourceTree = "<group>";
		};
		FB64C92E285F097A006A0DD9 /* ViewModels */ = {
			isa = PBXGroup;
			children = (
				FBBFCAC02862C75900A608B2 /* TitleViewModel.swift */,
			);
			path = ViewModels;
			sourceTree = "<group>";
		};
		FB64C92F285F0987006A0DD9 /* Views */ = {
			isa = PBXGroup;
			children = (
				FB64C933285F09E3006A0DD9 /* CollectioinViewTableViewCell.swift */,
				FB64742F285F16D000C712E0 /* HeroHeaderUIView.swift */,
				FBBFCAB72862B5F900A608B2 /* TitleCellectionViewCell.swift */,
				FBBFCABE2862C40800A608B2 /* TitleTableViewCell.swift */,
			);
			path = Views;
			sourceTree = "<group>";
		};
		FB64C930285F0991006A0DD9 /* Models */ = {
			isa = PBXGroup;
			children = (
				FB54433D286143B5005C5920 /* Title.swift */,
				FB54434128614D21005C5920 /* Tv.swift */,
			);
			path = Models;
			sourceTree = "<group>";
		};
		FB64C931285F09A9006A0DD9 /* Resources */ = {
			isa = PBXGroup;
			children = (
				FB54433F286148CF005C5920 /* Extensions.swift */,
			);
			path = Resources;
			sourceTree = "<group>";
		};
		FB64C932285F09BA006A0DD9 /* Managers */ = {
			isa = PBXGroup;
			children = (
				FB54433B28613F87005C5920 /* APICaller.swift */,
			);
			path = Managers;
			sourceTree = "<group>";
		};
		FBBFCAC4286419FF00A608B2 /* Core */ = {
			isa = PBXGroup;
			children = (
				FB64C915285EFC53006A0DD9 /* MainTabBarViewController.swift */,
				FB64C926285EFED6006A0DD9 /* HomeViewController.swift */,
				FB64C928285EFF63006A0DD9 /* UpcomingViewController.swift */,
				FB64C92A285EFF8E006A0DD9 /* SearchViewController.swift */,
				FB64C92C285EFFC0006A0DD9 /* DownloadsViewController.swift */,
			);
			path = Core;
			sourceTree = "<group>";
		};
		FBBFCAC528641A1200A608B2 /* General */ = {
			isa = PBXGroup;
			children = (
				FBBFCAC2286419BF00A608B2 /* SearchResultsViewController.swift */,
			);
			path = General;
			sourceTree = "<group>";
		};
/* End PBXGroup section */

/* Begin PBXNativeTarget section */
		FB64C90D285EFC53006A0DD9 /* Netflix Clone */ = {
			isa = PBXNativeTarget;
			buildConfigurationList = FB64C922285EFC54006A0DD9 /* Build configuration list for PBXNativeTarget "Netflix Clone" */;
			buildPhases = (
				FB64C90A285EFC53006A0DD9 /* Sources */,
				FB64C90B285EFC53006A0DD9 /* Frameworks */,
				FB64C90C285EFC53006A0DD9 /* Resources */,
			);
			buildRules = (
			);
			dependencies = (
			);
			name = "Netflix Clone";
			packageProductDependencies = (
				FBBFCABA2862B79C00A608B2 /* SDWebImage */,
				FBBFCABC2862B79C00A608B2 /* SDWebImageMapKit */,
			);
			productName = "Netflix Clone";
			productReference = FB64C90E285EFC53006A0DD9 /* Netflix Clone.app */;
			productType = "com.apple.product-type.application";
		};
/* End PBXNativeTarget section */

/* Begin PBXProject section */
		FB64C906285EFC53006A0DD9 /* Project object */ = {
			isa = PBXProject;
			attributes = {
				BuildIndependentTargetsInParallel = 1;
				LastSwiftUpdateCheck = 1340;
				LastUpgradeCheck = 1340;
				TargetAttributes = {
					FB64C90D285EFC53006A0DD9 = {
						CreatedOnToolsVersion = 13.4;
					};
				};
			};
			buildConfigurationList = FB64C909285EFC53006A0DD9 /* Build configuration list for PBXProject "Netflix Clone" */;
			compatibilityVersion = "Xcode 13.0";
			developmentRegion = en;
			hasScannedForEncodings = 0;
			knownRegions = (
				en,
				Base,
			);
			mainGroup = FB64C905285EFC53006A0DD9;
			packageReferences = (
				FBBFCAB92862B79C00A608B2 /* XCRemoteSwiftPackageReference "SDWebImage" */,
			);
			productRefGroup = FB64C90F285EFC53006A0DD9 /* Products */;
			projectDirPath = "";
			projectRoot = "";
			targets = (
				FB64C90D285EFC53006A0DD9 /* Netflix Clone */,
			);
		};
/* End PBXProject section */

/* Begin PBXResourcesBuildPhase section */
		FB64C90C285EFC53006A0DD9 /* Resources */ = {
			isa = PBXResourcesBuildPhase;
			buildActionMask = 2147483647;
			files = (
				FB64C91E285EFC54006A0DD9 /* LaunchScreen.storyboard in Resources */,
				FB64C91B285EFC54006A0DD9 /* Assets.xcassets in Resources */,
			);
			runOnlyForDeploymentPostprocessing = 0;
		};
/* End PBXResourcesBuildPhase section */

/* Begin PBXSourcesBuildPhase section */
		FB64C90A285EFC53006A0DD9 /* Sources */ = {
			isa = PBXSourcesBuildPhase;
			buildActionMask = 2147483647;
			files = (
				FB64C92B285EFF8E006A0DD9 /* SearchViewController.swift in Sources */,
				FBBFCAC3286419BF00A608B2 /* SearchResultsViewController.swift in Sources */,
				FB54434228614D21005C5920 /* Tv.swift in Sources */,
				FB64C916285EFC53006A0DD9 /* MainTabBarViewController.swift in Sources */,
				FB64C92D285EFFC0006A0DD9 /* DownloadsViewController.swift in Sources */,
				FB54433C28613F87005C5920 /* APICaller.swift in Sources */,
				FB647430285F16D000C712E0 /* HeroHeaderUIView.swift in Sources */,
				FB64C912285EFC53006A0DD9 /* AppDelegate.swift in Sources */,
				FB64C934285F09E3006A0DD9 /* CollectioinViewTableViewCell.swift in Sources */,
				FB544340286148CF005C5920 /* Extensions.swift in Sources */,
				FBBFCAB82862B5F900A608B2 /* TitleCellectionViewCell.swift in Sources */,
				FBBFCABF2862C40800A608B2 /* TitleTableViewCell.swift in Sources */,
				FB64C914285EFC53006A0DD9 /* SceneDelegate.swift in Sources */,
				FB64C929285EFF63006A0DD9 /* UpcomingViewController.swift in Sources */,
				FBBFCAC12862C75900A608B2 /* TitleViewModel.swift in Sources */,
				FB54433E286143B5005C5920 /* Title.swift in Sources */,
				FB64C927285EFED6006A0DD9 /* HomeViewController.swift in Sources */,
			);
			runOnlyForDeploymentPostprocessing = 0;
		};
/* End PBXSourcesBuildPhase section */

/* Begin PBXVariantGroup section */
		FB64C91C285EFC54006A0DD9 /* LaunchScreen.storyboard */ = {
			isa = PBXVariantGroup;
			children = (
				FB64C91D285EFC54006A0DD9 /* Base */,
			);
			name = LaunchScreen.storyboard;
			sourceTree = "<group>";
		};
/* End PBXVariantGroup section */

/* Begin XCBuildConfiguration section */
		FB64C920285EFC54006A0DD9 /* Debug */ = {
			isa = XCBuildConfiguration;
			buildSettings = {
				ALWAYS_SEARCH_USER_PATHS = NO;
				CLANG_ANALYZER_NONNULL = YES;
				CLANG_ANALYZER_NUMBER_OBJECT_CONVERSION = YES_AGGRESSIVE;
				CLANG_CXX_LANGUAGE_STANDARD = "gnu++17";
				CLANG_ENABLE_MODULES = YES;
				CLANG_ENABLE_OBJC_ARC = YES;
				CLANG_ENABLE_OBJC_WEAK = YES;
				CLANG_WARN_BLOCK_CAPTURE_AUTORELEASING = YES;
				CLANG_WARN_BOOL_CONVERSION = YES;
				CLANG_WARN_COMMA = YES;
				CLANG_WARN_CONSTANT_CONVERSION = YES;
				CLANG_WARN_DEPRECATED_OBJC_IMPLEMENTATIONS = YES;
				CLANG_WARN_DIRECT_OBJC_ISA_USAGE = YES_ERROR;
				CLANG_WARN_DOCUMENTATION_COMMENTS = YES;
				CLANG_WARN_EMPTY_BODY = YES;
				CLANG_WARN_ENUM_CONVERSION = YES;
				CLANG_WARN_INFINITE_RECURSION = YES;
				CLANG_WARN_INT_CONVERSION = YES;
				CLANG_WARN_NON_LITERAL_NULL_CONVERSION = YES;
				CLANG_WARN_OBJC_IMPLICIT_RETAIN_SELF = YES;
				CLANG_WARN_OBJC_LITERAL_CONVERSION = YES;
				CLANG_WARN_OBJC_ROOT_CLASS = YES_ERROR;
				CLANG_WARN_QUOTED_INCLUDE_IN_FRAMEWORK_HEADER = YES;
				CLANG_WARN_RANGE_LOOP_ANALYSIS = YES;
				CLANG_WARN_STRICT_PROTOTYPES = YES;
				CLANG_WARN_SUSPICIOUS_MOVE = YES;
				CLANG_WARN_UNGUARDED_AVAILABILITY = YES_AGGRESSIVE;
				CLANG_WARN_UNREACHABLE_CODE = YES;
				CLANG_WARN__DUPLICATE_METHOD_MATCH = YES;
				COPY_PHASE_STRIP = NO;
				DEBUG_INFORMATION_FORMAT = dwarf;
				ENABLE_STRICT_OBJC_MSGSEND = YES;
				ENABLE_TESTABILITY = YES;
				GCC_C_LANGUAGE_STANDARD = gnu11;
				GCC_DYNAMIC_NO_PIC = NO;
				GCC_NO_COMMON_BLOCKS = YES;
				GCC_OPTIMIZATION_LEVEL = 0;
				GCC_PREPROCESSOR_DEFINITIONS = (
					"DEBUG=1",
					"$(inherited)",
				);
				GCC_WARN_64_TO_32_BIT_CONVERSION = YES;
				GCC_WARN_ABOUT_RETURN_TYPE = YES_ERROR;
				GCC_WARN_UNDECLARED_SELECTOR = YES;
				GCC_WARN_UNINITIALIZED_AUTOS = YES_AGGRESSIVE;
				GCC_WARN_UNUSED_FUNCTION = YES;
				GCC_WARN_UNUSED_VARIABLE = YES;
				IPHONEOS_DEPLOYMENT_TARGET = 15.5;
				MTL_ENABLE_DEBUG_INFO = INCLUDE_SOURCE;
				MTL_FAST_MATH = YES;
				ONLY_ACTIVE_ARCH = YES;
				SDKROOT = iphoneos;
				SWIFT_ACTIVE_COMPILATION_CONDITIONS = DEBUG;
				SWIFT_OPTIMIZATION_LEVEL = "-Onone";
			};
			name = Debug;
		};
		FB64C921285EFC54006A0DD9 /* Release */ = {
			isa = XCBuildConfiguration;
			buildSettings = {
				ALWAYS_SEARCH_USER_PATHS = NO;
				CLANG_ANALYZER_NONNULL = YES;
				CLANG_ANALYZER_NUMBER_OBJECT_CONVERSION = YES_AGGRESSIVE;
				CLANG_CXX_LANGUAGE_STANDARD = "gnu++17";
				CLANG_ENABLE_MODULES = YES;
				CLANG_ENABLE_OBJC_ARC = YES;
				CLANG_ENABLE_OBJC_WEAK = YES;
				CLANG_WARN_BLOCK_CAPTURE_AUTORELEASING = YES;
				CLANG_WARN_BOOL_CONVERSION = YES;
				CLANG_WARN_COMMA = YES;
				CLANG_WARN_CONSTANT_CONVERSION = YES;
				CLANG_WARN_DEPRECATED_OBJC_IMPLEMENTATIONS = YES;
				CLANG_WARN_DIRECT_OBJC_ISA_USAGE = YES_ERROR;
				CLANG_WARN_DOCUMENTATION_COMMENTS = YES;
				CLANG_WARN_EMPTY_BODY = YES;
				CLANG_WARN_ENUM_CONVERSION = YES;
				CLANG_WARN_INFINITE_RECURSION = YES;
				CLANG_WARN_INT_CONVERSION = YES;
				CLANG_WARN_NON_LITERAL_NULL_CONVERSION = YES;
				CLANG_WARN_OBJC_IMPLICIT_RETAIN_SELF = YES;
				CLANG_WARN_OBJC_LITERAL_CONVERSION = YES;
				CLANG_WARN_OBJC_ROOT_CLASS = YES_ERROR;
				CLANG_WARN_QUOTED_INCLUDE_IN_FRAMEWORK_HEADER = YES;
				CLANG_WARN_RANGE_LOOP_ANALYSIS = YES;
				CLANG_WARN_STRICT_PROTOTYPES = YES;
				CLANG_WARN_SUSPICIOUS_MOVE = YES;
				CLANG_WARN_UNGUARDED_AVAILABILITY = YES_AGGRESSIVE;
				CLANG_WARN_UNREACHABLE_CODE = YES;
				CLANG_WARN__DUPLICATE_METHOD_MATCH = YES;
				COPY_PHASE_STRIP = NO;
				DEBUG_INFORMATION_FORMAT = "dwarf-with-dsym";
				ENABLE_NS_ASSERTIONS = NO;
				ENABLE_STRICT_OBJC_MSGSEND = YES;
				GCC_C_LANGUAGE_STANDARD = gnu11;
				GCC_NO_COMMON_BLOCKS = YES;
				GCC_WARN_64_TO_32_BIT_CONVERSION = YES;
				GCC_WARN_ABOUT_RETURN_TYPE = YES_ERROR;
				GCC_WARN_UNDECLARED_SELECTOR = YES;
				GCC_WARN_UNINITIALIZED_AUTOS = YES_AGGRESSIVE;
				GCC_WARN_UNUSED_FUNCTION = YES;
				GCC_WARN_UNUSED_VARIABLE = YES;
				IPHONEOS_DEPLOYMENT_TARGET = 15.5;
				MTL_ENABLE_DEBUG_INFO = NO;
				MTL_FAST_MATH = YES;
				SDKROOT = iphoneos;
				SWIFT_COMPILATION_MODE = wholemodule;
				SWIFT_OPTIMIZATION_LEVEL = "-O";
				VALIDATE_PRODUCT = YES;
			};
			name = Release;
		};
		FB64C923285EFC54006A0DD9 /* Debug */ = {
			isa = XCBuildConfiguration;
			buildSettings = {
				ASSETCATALOG_COMPILER_APPICON_NAME = AppIcon;
				ASSETCATALOG_COMPILER_GLOBAL_ACCENT_COLOR_NAME = AccentColor;
				CODE_SIGN_STYLE = Automatic;
				CURRENT_PROJECT_VERSION = 1;
				DEVELOPMENT_TEAM = AD65V3RAF6;
				GENERATE_INFOPLIST_FILE = YES;
				INFOPLIST_FILE = "Netflix Clone/Info.plist";
				INFOPLIST_KEY_UIApplicationSupportsIndirectInputEvents = YES;
				INFOPLIST_KEY_UILaunchStoryboardName = LaunchScreen;
				INFOPLIST_KEY_UIMainStoryboardFile = "";
				INFOPLIST_KEY_UISupportedInterfaceOrientations_iPad = "UIInterfaceOrientationPortrait UIInterfaceOrientationPortraitUpsideDown UIInterfaceOrientationLandscapeLeft UIInterfaceOrientationLandscapeRight";
				INFOPLIST_KEY_UISupportedInterfaceOrientations_iPhone = "UIInterfaceOrientationPortrait UIInterfaceOrientationLandscapeLeft UIInterfaceOrientationLandscapeRight";
				LD_RUNPATH_SEARCH_PATHS = (
					"$(inherited)",
					"@executable_path/Frameworks",
				);
				MARKETING_VERSION = 1.0;
				PRODUCT_BUNDLE_IDENTIFIER = "com.Netflix-Clone";
				PRODUCT_NAME = "$(TARGET_NAME)";
				SWIFT_EMIT_LOC_STRINGS = YES;
				SWIFT_VERSION = 5.0;
				TARGETED_DEVICE_FAMILY = "1,2";
			};
			name = Debug;
		};
		FB64C924285EFC54006A0DD9 /* Release */ = {
			isa = XCBuildConfiguration;
			buildSettings = {
				ASSETCATALOG_COMPILER_APPICON_NAME = AppIcon;
				ASSETCATALOG_COMPILER_GLOBAL_ACCENT_COLOR_NAME = AccentColor;
				CODE_SIGN_STYLE = Automatic;
				CURRENT_PROJECT_VERSION = 1;
				DEVELOPMENT_TEAM = AD65V3RAF6;
				GENERATE_INFOPLIST_FILE = YES;
				INFOPLIST_FILE = "Netflix Clone/Info.plist";
				INFOPLIST_KEY_UIApplicationSupportsIndirectInputEvents = YES;
				INFOPLIST_KEY_UILaunchStoryboardName = LaunchScreen;
				INFOPLIST_KEY_UIMainStoryboardFile = "";
				INFOPLIST_KEY_UISupportedInterfaceOrientations_iPad = "UIInterfaceOrientationPortrait UIInterfaceOrientationPortraitUpsideDown UIInterfaceOrientationLandscapeLeft UIInterfaceOrientationLandscapeRight";
				INFOPLIST_KEY_UISupportedInterfaceOrientations_iPhone = "UIInterfaceOrientationPortrait UIInterfaceOrientationLandscapeLeft UIInterfaceOrientationLandscapeRight";
				LD_RUNPATH_SEARCH_PATHS = (
					"$(inherited)",
					"@executable_path/Frameworks",
				);
				MARKETING_VERSION = 1.0;
				PRODUCT_BUNDLE_IDENTIFIER = "com.Netflix-Clone";
				PRODUCT_NAME = "$(TARGET_NAME)";
				SWIFT_EMIT_LOC_STRINGS = YES;
				SWIFT_VERSION = 5.0;
				TARGETED_DEVICE_FAMILY = "1,2";
			};
			name = Release;
		};
/* End XCBuildConfiguration section */

/* Begin XCConfigurationList section */
		FB64C909285EFC53006A0DD9 /* Build configuration list for PBXProject "Netflix Clone" */ = {
			isa = XCConfigurationList;
			buildConfigurations = (
				FB64C920285EFC54006A0DD9 /* Debug */,
				FB64C921285EFC54006A0DD9 /* Release */,
			);
			defaultConfigurationIsVisible = 0;
			defaultConfigurationName = Release;
		};
		FB64C922285EFC54006A0DD9 /* Build configuration list for PBXNativeTarget "Netflix Clone" */ = {
			isa = XCConfigurationList;
			buildConfigurations = (
				FB64C923285EFC54006A0DD9 /* Debug */,
				FB64C924285EFC54006A0DD9 /* Release */,
			);
			defaultConfigurationIsVisible = 0;
			defaultConfigurationName = Release;
		};
/* End XCConfigurationList section */

/* Begin XCRemoteSwiftPackageReference section */
		FBBFCAB92862B79C00A608B2 /* XCRemoteSwiftPackageReference "SDWebImage" */ = {
			isa = XCRemoteSwiftPackageReference;
			repositoryURL = "https://github.com/SDWebImage/SDWebImage.git";
			requirement = {
				kind = upToNextMajorVersion;
				minimumVersion = 5.0.0;
			};
		};
/* End XCRemoteSwiftPackageReference section */

/* Begin XCSwiftPackageProductDependency section */
		FBBFCABA2862B79C00A608B2 /* SDWebImage */ = {
			isa = XCSwiftPackageProductDependency;
			package = FBBFCAB92862B79C00A608B2 /* XCRemoteSwiftPackageReference "SDWebImage" */;
			productName = SDWebImage;
		};
		FBBFCABC2862B79C00A608B2 /* SDWebImageMapKit */ = {
			isa = XCSwiftPackageProductDependency;
			package = FBBFCAB92862B79C00A608B2 /* XCRemoteSwiftPackageReference "SDWebImage" */;
			productName = SDWebImageMapKit;
		};
/* End XCSwiftPackageProductDependency section */
	};
	rootObject = FB64C906285EFC53006A0DD9 /* Project object */;
}
